
Microsoft Visual Studio Solution File, Format Version 12.00
# Visual Studio Version 17
VisualStudioVersion = 17.5.33627.172
MinimumVisualStudioVersion = 10.0.40219.1
Project("{2150E333-8FDC-42A3-9474-1A3956D46DE8}") = "src", "src", "{D21C0E60-EDCF-4637-9710-9856E713CE15}"
EndProject
Project("{9A19103F-16F7-4668-BE54-9A1E7A4F7556}") = "CEC.Application", "src\CEC.Application\CEC.Application.csproj", "{84ED2320-10F0-4556-839E-99239F10B927}"
EndProject
Project("{9A19103F-16F7-4668-BE54-9A1E7A4F7556}") = "CEC.Domain", "src\CEC.Domain\CEC.Domain.csproj", "{ED84C339-FF00-48FB-B051-83E082E9FC3E}"
EndProject
Project("{9A19103F-16F7-4668-BE54-9A1E7A4F7556}") = "CEC.Infrastructure", "src\CEC.Infrastructure\CEC.Infrastructure.csproj", "{03CCA9A0-EC51-4328-8C47-46928DFCF232}"
EndProject
Project("{9A19103F-16F7-4668-BE54-9A1E7A4F7556}") = "CEC.Shared", "src\CEC.Shared\CEC.Shared.csproj", "{8C073734-B213-46D1-AB66-3592B26B8604}"
EndProject
Project("{9A19103F-16F7-4668-BE54-9A1E7A4F7556}") = "CEC.WebMVC", "src\CEC.WebMVC\CEC.WebMVC.csproj", "{9215A27B-86B2-4E77-B9A0-ACB9D2FF2579}"
EndProject
Project("{2150E333-8FDC-42A3-9474-1A3956D46DE8}") = "tests", "tests", "{1C400EC7-2B17-4642-A920-A6AE50430CFB}"
EndProject
Project("{9A19103F-16F7-4668-BE54-9A1E7A4F7556}") = "CEC.xUnitTests", "tests\CEC.xUnitTests\CEC.xUnitTests.csproj", "{51EEE65C-928A-4607-9DAF-D914E7E0F0D3}"
EndProject
Global
	GlobalSection(SolutionConfigurationPlatforms) = preSolution
		Debug|Any CPU = Debug|Any CPU
		Release|Any CPU = Release|Any CPU
	EndGlobalSection
	GlobalSection(ProjectConfigurationPlatforms) = postSolution
		{84ED2320-10F0-4556-839E-99239F10B927}.Debug|Any CPU.ActiveCfg = Debug|Any CPU
		{84ED2320-10F0-4556-839E-99239F10B927}.Debug|Any CPU.Build.0 = Debug|Any CPU
		{84ED2320-10F0-4556-839E-99239F10B927}.Release|Any CPU.ActiveCfg = Release|Any CPU
		{84ED2320-10F0-4556-839E-99239F10B927}.Release|Any CPU.Build.0 = Release|Any CPU
		{ED84C339-FF00-48FB-B051-83E082E9FC3E}.Debug|Any CPU.ActiveCfg = Debug|Any CPU
		{ED84C339-FF00-48FB-B051-83E082E9FC3E}.Debug|Any CPU.Build.0 = Debug|Any CPU
		{ED84C339-FF00-48FB-B051-83E082E9FC3E}.Release|Any CPU.ActiveCfg = Release|Any CPU
		{ED84C339-FF00-48FB-B051-83E082E9FC3E}.Release|Any CPU.Build.0 = Release|Any CPU
		{03CCA9A0-EC51-4328-8C47-46928DFCF232}.Debug|Any CPU.ActiveCfg = Debug|Any CPU
		{03CCA9A0-EC51-4328-8C47-46928DFCF232}.Debug|Any CPU.Build.0 = Debug|Any CPU
		{03CCA9A0-EC51-4328-8C47-46928DFCF232}.Release|Any CPU.ActiveCfg = Release|Any CPU
		{03CCA9A0-EC51-4328-8C47-46928DFCF232}.Release|Any CPU.Build.0 = Release|Any CPU
		{8C073734-B213-46D1-AB66-3592B26B8604}.Debug|Any CPU.ActiveCfg = Debug|Any CPU
		{8C073734-B213-46D1-AB66-3592B26B8604}.Debug|Any CPU.Build.0 = Debug|Any CPU
		{8C073734-B213-46D1-AB66-3592B26B8604}.Release|Any CPU.ActiveCfg = Release|Any CPU
		{8C073734-B213-46D1-AB66-3592B26B8604}.Release|Any CPU.Build.0 = Release|Any CPU
		{9215A27B-86B2-4E77-B9A0-ACB9D2FF2579}.Debug|Any CPU.ActiveCfg = Debug|Any CPU
		{9215A27B-86B2-4E77-B9A0-ACB9D2FF2579}.Debug|Any CPU.Build.0 = Debug|Any CPU
		{9215A27B-86B2-4E77-B9A0-ACB9D2FF2579}.Release|Any CPU.ActiveCfg = Release|Any CPU
		{9215A27B-86B2-4E77-B9A0-ACB9D2FF2579}.Release|Any CPU.Build.0 = Release|Any CPU
		{51EEE65C-928A-4607-9DAF-D914E7E0F0D3}.Debug|Any CPU.ActiveCfg = Debug|Any CPU
		{51EEE65C-928A-4607-9DAF-D914E7E0F0D3}.Debug|Any CPU.Build.0 = Debug|Any CPU
		{51EEE65C-928A-4607-9DAF-D914E7E0F0D3}.Release|Any CPU.ActiveCfg = Release|Any CPU
		{51EEE65C-928A-4607-9DAF-D914E7E0F0D3}.Release|Any CPU.Build.0 = Release|Any CPU
	EndGlobalSection
	GlobalSection(SolutionProperties) = preSolution
		HideSolutionNode = FALSE
	EndGlobalSection
	GlobalSection(NestedProjects) = preSolution
		{84ED2320-10F0-4556-839E-99239F10B927} = {D21C0E60-EDCF-4637-9710-9856E713CE15}
		{ED84C339-FF00-48FB-B051-83E082E9FC3E} = {D21C0E60-EDCF-4637-9710-9856E713CE15}
		{03CCA9A0-EC51-4328-8C47-46928DFCF232} = {D21C0E60-EDCF-4637-9710-9856E713CE15}
		{8C073734-B213-46D1-AB66-3592B26B8604} = {D21C0E60-EDCF-4637-9710-9856E713CE15}
		{9215A27B-86B2-4E77-B9A0-ACB9D2FF2579} = {D21C0E60-EDCF-4637-9710-9856E713CE15}
		{51EEE65C-928A-4607-9DAF-D914E7E0F0D3} = {1C400EC7-2B17-4642-A920-A6AE50430CFB}
	EndGlobalSection
	GlobalSection(ExtensibilityGlobals) = postSolution
		SolutionGuid = {8593E82A-874C-4588-979C-2D0E404F9938}
	EndGlobalSection
EndGlobal
